
Microsoft Visual Studio Solution File, Format Version 12.00
# Visual Studio Version 17
VisualStudioVersion = 17.6.33712.159
MinimumVisualStudioVersion = 10.0.40219.1
Project("{8BC9CEB8-8B4A-11D0-8D11-00A0C91BC942}") = "task4", "task4\task4.vcxproj", "{C019D936-E7B0-4119-99F2-2CFCD663A70C}"
EndProject
Global
	GlobalSection(SolutionConfigurationPlatforms) = preSolution
		Debug|x64 = Debug|x64
		Debug|x86 = Debug|x86
		Release|x64 = Release|x64
		Release|x86 = Release|x86
	EndGlobalSection
	GlobalSection(ProjectConfigurationPlatforms) = postSolution
		{C019D936-E7B0-4119-99F2-2CFCD663A70C}.Debug|x64.ActiveCfg = Debug|x64
		{C019D936-E7B0-4119-99F2-2CFCD663A70C}.Debug|x64.Build.0 = Debug|x64
		{C019D936-E7B0-4119-99F2-2CFCD663A70C}.Debug|x86.ActiveCfg = Debug|Win32
		{C019D936-E7B0-4119-99F2-2CFCD663A70C}.Debug|x86.Build.0 = Debug|Win32
		{C019D936-E7B0-4119-99F2-2CFCD663A70C}.Release|x64.ActiveCfg = Release|x64
		{C019D936-E7B0-4119-99F2-2CFCD663A70C}.Release|x64.Build.0 = Release|x64
		{C019D936-E7B0-4119-99F2-2CFCD663A70C}.Release|x86.ActiveCfg = Release|Win32
		{C019D936-E7B0-4119-99F2-2CFCD663A70C}.Release|x86.Build.0 = Release|Win32
	EndGlobalSection
	GlobalSection(SolutionProperties) = preSolution
		HideSolutionNode = FALSE
	EndGlobalSection
	GlobalSection(ExtensibilityGlobals) = postSolution
		SolutionGuid = {7FFDA6D6-E747-45C7-B355-84C786564961}
	EndGlobalSection
EndGlobal
