
Microsoft Visual Studio Solution File, Format Version 12.00
# Visual Studio Version 17
VisualStudioVersion = 17.6.33712.159
MinimumVisualStudioVersion = 10.0.40219.1
Project("{8BC9CEB8-8B4A-11D0-8D11-00A0C91BC942}") = "task1", "task1\task1.vcxproj", "{B48FD1B1-B4E2-4E90-961C-E5E16ED7DAD6}"
EndProject
Global
	GlobalSection(SolutionConfigurationPlatforms) = preSolution
		Debug|x64 = Debug|x64
		Debug|x86 = Debug|x86
		Release|x64 = Release|x64
		Release|x86 = Release|x86
	EndGlobalSection
	GlobalSection(ProjectConfigurationPlatforms) = postSolution
		{B48FD1B1-B4E2-4E90-961C-E5E16ED7DAD6}.Debug|x64.ActiveCfg = Debug|x64
		{B48FD1B1-B4E2-4E90-961C-E5E16ED7DAD6}.Debug|x64.Build.0 = Debug|x64
		{B48FD1B1-B4E2-4E90-961C-E5E16ED7DAD6}.Debug|x86.ActiveCfg = Debug|Win32
		{B48FD1B1-B4E2-4E90-961C-E5E16ED7DAD6}.Debug|x86.Build.0 = Debug|Win32
		{B48FD1B1-B4E2-4E90-961C-E5E16ED7DAD6}.Release|x64.ActiveCfg = Release|x64
		{B48FD1B1-B4E2-4E90-961C-E5E16ED7DAD6}.Release|x64.Build.0 = Release|x64
		{B48FD1B1-B4E2-4E90-961C-E5E16ED7DAD6}.Release|x86.ActiveCfg = Release|Win32
		{B48FD1B1-B4E2-4E90-961C-E5E16ED7DAD6}.Release|x86.Build.0 = Release|Win32
	EndGlobalSection
	GlobalSection(SolutionProperties) = preSolution
		HideSolutionNode = FALSE
	EndGlobalSection
	GlobalSection(ExtensibilityGlobals) = postSolution
		SolutionGuid = {1802ECBD-CE72-476B-B2FF-E0217B5B9701}
	EndGlobalSection
EndGlobal
