
Microsoft Visual Studio Solution File, Format Version 12.00
# Visual Studio Version 17
VisualStudioVersion = 17.6.33712.159
MinimumVisualStudioVersion = 10.0.40219.1
Project("{8BC9CEB8-8B4A-11D0-8D11-00A0C91BC942}") = "task1", "task1\task1.vcxproj", "{97050A7D-EA7C-4ACA-9DF7-3231F50A5872}"
EndProject
Global
	GlobalSection(SolutionConfigurationPlatforms) = preSolution
		Debug|x64 = Debug|x64
		Debug|x86 = Debug|x86
		Release|x64 = Release|x64
		Release|x86 = Release|x86
	EndGlobalSection
	GlobalSection(ProjectConfigurationPlatforms) = postSolution
		{97050A7D-EA7C-4ACA-9DF7-3231F50A5872}.Debug|x64.ActiveCfg = Debug|x64
		{97050A7D-EA7C-4ACA-9DF7-3231F50A5872}.Debug|x64.Build.0 = Debug|x64
		{97050A7D-EA7C-4ACA-9DF7-3231F50A5872}.Debug|x86.ActiveCfg = Debug|Win32
		{97050A7D-EA7C-4ACA-9DF7-3231F50A5872}.Debug|x86.Build.0 = Debug|Win32
		{97050A7D-EA7C-4ACA-9DF7-3231F50A5872}.Release|x64.ActiveCfg = Release|x64
		{97050A7D-EA7C-4ACA-9DF7-3231F50A5872}.Release|x64.Build.0 = Release|x64
		{97050A7D-EA7C-4ACA-9DF7-3231F50A5872}.Release|x86.ActiveCfg = Release|Win32
		{97050A7D-EA7C-4ACA-9DF7-3231F50A5872}.Release|x86.Build.0 = Release|Win32
	EndGlobalSection
	GlobalSection(SolutionProperties) = preSolution
		HideSolutionNode = FALSE
	EndGlobalSection
	GlobalSection(ExtensibilityGlobals) = postSolution
		SolutionGuid = {E99AA428-F3BF-4D5B-97BF-F3FAF63233C2}
	EndGlobalSection
EndGlobal
